// !$*UTF8*$!
{
	archiveVersion = 1;
	classes = {
	};
	objectVersion = 46;
	objects = {

/* Begin PBXBuildFile section */
		01E46F491B1EA9E900F85B79 /* main.m in Sources */ = {isa = PBXBuildFile; fileRef = 01E46F481B1EA9E900F85B79 /* main.m */; };
		01E46F4C1B1EA9E900F85B79 /* AppDelegate.m in Sources */ = {isa = PBXBuildFile; fileRef = 01E46F4B1B1EA9E900F85B79 /* AppDelegate.m */; };
		01E46F521B1EA9E900F85B79 /* Main.storyboard in Resources */ = {isa = PBXBuildFile; fileRef = 01E46F501B1EA9E900F85B79 /* Main.storyboard */; };
		01E46F541B1EA9E900F85B79 /* Images.xcassets in Resources */ = {isa = PBXBuildFile; fileRef = 01E46F531B1EA9E900F85B79 /* Images.xcassets */; };
		01E46F571B1EA9E900F85B79 /* LaunchScreen.xib in Resources */ = {isa = PBXBuildFile; fileRef = 01E46F551B1EA9E900F85B79 /* LaunchScreen.xib */; };
		01E46F631B1EA9EA00F85B79 /* GCD_PhotoLoadingTests.m in Sources */ = {isa = PBXBuildFile; fileRef = 01E46F621B1EA9EA00F85B79 /* GCD_PhotoLoadingTests.m */; };
		01E46F6E1B1EAABF00F85B79 /* ListPhotoViewController.m in Sources */ = {isa = PBXBuildFile; fileRef = 01E46F6D1B1EAABF00F85B79 /* ListPhotoViewController.m */; };
/* End PBXBuildFile section */

/* Begin PBXContainerItemProxy section */
		01E46F5D1B1EA9EA00F85B79 /* PBXContainerItemProxy */ = {
			isa = PBXContainerItemProxy;
			containerPortal = 01E46F3B1B1EA9E900F85B79 /* Project object */;
			proxyType = 1;
			remoteGlobalIDString = 01E46F421B1EA9E900F85B79;
			remoteInfo = GCD_PhotoLoading;
		};
/* End PBXContainerItemProxy section */

/* Begin PBXFileReference section */
		01E46F431B1EA9E900F85B79 /* GCD_PhotoLoading.app */ = {isa = PBXFileReference; explicitFileType = wrapper.application; includeInIndex = 0; path = GCD_PhotoLoading.app; sourceTree = BUILT_PRODUCTS_DIR; };
		01E46F471B1EA9E900F85B79 /* Info.plist */ = {isa = PBXFileReference; lastKnownFileType = text.plist.xml; path = Info.plist; sourceTree = "<group>"; };
		01E46F481B1EA9E900F85B79 /* main.m */ = {isa = PBXFileReference; lastKnownFileType = sourcecode.c.objc; path = main.m; sourceTree = "<group>"; };
		01E46F4A1B1EA9E900F85B79 /* AppDelegate.h */ = {isa = PBXFileReference; lastKnownFileType = sourcecode.c.h; path = AppDelegate.h; sourceTree = "<group>"; };
		01E46F4B1B1EA9E900F85B79 /* AppDelegate.m */ = {isa = PBXFileReference; lastKnownFileType = sourcecode.c.objc; path = AppDelegate.m; sourceTree = "<group>"; };
		01E46F511B1EA9E900F85B79 /* Base */ = {isa = PBXFileReference; lastKnownFileType = file.storyboard; name = Base; path = Base.lproj/Main.storyboard; sourceTree = "<group>"; };
		01E46F531B1EA9E900F85B79 /* Images.xcassets */ = {isa = PBXFileReference; lastKnownFileType = folder.assetcatalog; path = Images.xcassets; sourceTree = "<group>"; };
		01E46F561B1EA9E900F85B79 /* Base */ = {isa = PBXFileReference; lastKnownFileType = file.xib; name = Base; path = Base.lproj/LaunchScreen.xib; sourceTree = "<group>"; };
		01E46F5C1B1EA9EA00F85B79 /* GCD_PhotoLoadingTests.xctest */ = {isa = PBXFileReference; explicitFileType = wrapper.cfbundle; includeInIndex = 0; path = GCD_PhotoLoadingTests.xctest; sourceTree = BUILT_PRODUCTS_DIR; };
		01E46F611B1EA9EA00F85B79 /* Info.plist */ = {isa = PBXFileReference; lastKnownFileType = text.plist.xml; path = Info.plist; sourceTree = "<group>"; };
		01E46F621B1EA9EA00F85B79 /* GCD_PhotoLoadingTests.m */ = {isa = PBXFileReference; lastKnownFileType = sourcecode.c.objc; path = GCD_PhotoLoadingTests.m; sourceTree = "<group>"; };
		01E46F6C1B1EAABF00F85B79 /* ListPhotoViewController.h */ = {isa = PBXFileReference; fileEncoding = 4; lastKnownFileType = sourcecode.c.h; path = ListPhotoViewController.h; sourceTree = "<group>"; };
		01E46F6D1B1EAABF00F85B79 /* ListPhotoViewController.m */ = {isa = PBXFileReference; fileEncoding = 4; lastKnownFileType = sourcecode.c.objc; path = ListPhotoViewController.m; sourceTree = "<group>"; };
/* End PBXFileReference section */

/* Begin PBXFrameworksBuildPhase section */
		01E46F401B1EA9E900F85B79 /* Frameworks */ = {
			isa = PBXFrameworksBuildPhase;
			buildActionMask = 2147483647;
			files = (
			);
			runOnlyForDeploymentPostprocessing = 0;
		};
		01E46F591B1EA9EA00F85B79 /* Frameworks */ = {
			isa = PBXFrameworksBuildPhase;
			buildActionMask = 2147483647;
			files = (
			);
			runOnlyForDeploymentPostprocessing = 0;
		};
/* End PBXFrameworksBuildPhase section */

/* Begin PBXGroup section */
		01E46F3A1B1EA9E900F85B79 = {
			isa = PBXGroup;
			children = (
				01E46F451B1EA9E900F85B79 /* GCD_PhotoLoading */,
				01E46F5F1B1EA9EA00F85B79 /* GCD_PhotoLoadingTests */,
				01E46F441B1EA9E900F85B79 /* Products */,
			);
			sourceTree = "<group>";
		};
		01E46F441B1EA9E900F85B79 /* Products */ = {
			isa = PBXGroup;
			children = (
				01E46F431B1EA9E900F85B79 /* GCD_PhotoLoading.app */,
				01E46F5C1B1EA9EA00F85B79 /* GCD_PhotoLoadingTests.xctest */,
			);
			name = Products;
			sourceTree = "<group>";
		};
		01E46F451B1EA9E900F85B79 /* GCD_PhotoLoading */ = {
			isa = PBXGroup;
			children = (
				01E46F4A1B1EA9E900F85B79 /* AppDelegate.h */,
				01E46F4B1B1EA9E900F85B79 /* AppDelegate.m */,
				01E46F501B1EA9E900F85B79 /* Main.storyboard */,
				01E46F531B1EA9E900F85B79 /* Images.xcassets */,
				01E46F551B1EA9E900F85B79 /* LaunchScreen.xib */,
				01E46F461B1EA9E900F85B79 /* Supporting Files */,
				01E46F6C1B1EAABF00F85B79 /* ListPhotoViewController.h */,
				01E46F6D1B1EAABF00F85B79 /* ListPhotoViewController.m */,
			);
			path = GCD_PhotoLoading;
			sourceTree = "<group>";
		};
		01E46F461B1EA9E900F85B79 /* Supporting Files */ = {
			isa = PBXGroup;
			children = (
				01E46F471B1EA9E900F85B79 /* Info.plist */,
				01E46F481B1EA9E900F85B79 /* main.m */,
			);
			name = "Supporting Files";
			sourceTree = "<group>";
		};
		01E46F5F1B1EA9EA00F85B79 /* GCD_PhotoLoadingTests */ = {
			isa = PBXGroup;
			children = (
				01E46F621B1EA9EA00F85B79 /* GCD_PhotoLoadingTests.m */,
				01E46F601B1EA9EA00F85B79 /* Supporting Files */,
			);
			path = GCD_PhotoLoadingTests;
			sourceTree = "<group>";
		};
		01E46F601B1EA9EA00F85B79 /* Supporting Files */ = {
			isa = PBXGroup;
			children = (
				01E46F611B1EA9EA00F85B79 /* Info.plist */,
			);
			name = "Supporting Files";
			sourceTree = "<group>";
		};
/* End PBXGroup section */

/* Begin PBXNativeTarget section */
		01E46F421B1EA9E900F85B79 /* GCD_PhotoLoading */ = {
			isa = PBXNativeTarget;
			buildConfigurationList = 01E46F661B1EA9EA00F85B79 /* Build configuration list for PBXNativeTarget "GCD_PhotoLoading" */;
			buildPhases = (
				01E46F3F1B1EA9E900F85B79 /* Sources */,
				01E46F401B1EA9E900F85B79 /* Frameworks */,
				01E46F411B1EA9E900F85B79 /* Resources */,
			);
			buildRules = (
			);
			dependencies = (
			);
			name = GCD_PhotoLoading;
			productName = GCD_PhotoLoading;
			productReference = 01E46F431B1EA9E900F85B79 /* GCD_PhotoLoading.app */;
			productType = "com.apple.product-type.application";
		};
		01E46F5B1B1EA9EA00F85B79 /* GCD_PhotoLoadingTests */ = {
			isa = PBXNativeTarget;
			buildConfigurationList = 01E46F691B1EA9EA00F85B79 /* Build configuration list for PBXNativeTarget "GCD_PhotoLoadingTests" */;
			buildPhases = (
				01E46F581B1EA9EA00F85B79 /* Sources */,
				01E46F591B1EA9EA00F85B79 /* Frameworks */,
				01E46F5A1B1EA9EA00F85B79 /* Resources */,
			);
			buildRules = (
			);
			dependencies = (
				01E46F5E1B1EA9EA00F85B79 /* PBXTargetDependency */,
			);
			name = GCD_PhotoLoadingTests;
			productName = GCD_PhotoLoadingTests;
			productReference = 01E46F5C1B1EA9EA00F85B79 /* GCD_PhotoLoadingTests.xctest */;
			productType = "com.apple.product-type.bundle.unit-test";
		};
/* End PBXNativeTarget section */

/* Begin PBXProject section */
		01E46F3B1B1EA9E900F85B79 /* Project object */ = {
			isa = PBXProject;
			attributes = {
				LastUpgradeCheck = 0630;
				ORGANIZATIONNAME = "Linh Nguyen";
				TargetAttributes = {
					01E46F421B1EA9E900F85B79 = {
						CreatedOnToolsVersion = 6.3.1;
					};
					01E46F5B1B1EA9EA00F85B79 = {
						CreatedOnToolsVersion = 6.3.1;
						TestTargetID = 01E46F421B1EA9E900F85B79;
					};
				};
			};
			buildConfigurationList = 01E46F3E1B1EA9E900F85B79 /* Build configuration list for PBXProject "GCD_PhotoLoading" */;
			compatibilityVersion = "Xcode 3.2";
			developmentRegion = English;
			hasScannedForEncodings = 0;
			knownRegions = (
				en,
				Base,
			);
			mainGroup = 01E46F3A1B1EA9E900F85B79;
			productRefGroup = 01E46F441B1EA9E900F85B79 /* Products */;
			projectDirPath = "";
			projectRoot = "";
			targets = (
				01E46F421B1EA9E900F85B79 /* GCD_PhotoLoading */,
				01E46F5B1B1EA9EA00F85B79 /* GCD_PhotoLoadingTests */,
			);
		};
/* End PBXProject section */

/* Begin PBXResourcesBuildPhase section */
		01E46F411B1EA9E900F85B79 /* Resources */ = {
			isa = PBXResourcesBuildPhase;
			buildActionMask = 2147483647;
			files = (
				01E46F521B1EA9E900F85B79 /* Main.storyboard in Resources */,
				01E46F571B1EA9E900F85B79 /* LaunchScreen.xib in Resources */,
				01E46F541B1EA9E900F85B79 /* Images.xcassets in Resources */,
			);
			runOnlyForDeploymentPostprocessing = 0;
		};
		01E46F5A1B1EA9EA00F85B79 /* Resources */ = {
			isa = PBXResourcesBuildPhase;
			buildActionMask = 2147483647;
			files = (
			);
			runOnlyForDeploymentPostprocessing = 0;
		};
/* End PBXResourcesBuildPhase section */

/* Begin PBXSourcesBuildPhase section */
		01E46F3F1B1EA9E900F85B79 /* Sources */ = {
			isa = PBXSourcesBuildPhase;
			buildActionMask = 2147483647;
			files = (
				01E46F6E1B1EAABF00F85B79 /* ListPhotoViewController.m in Sources */,
				01E46F4C1B1EA9E900F85B79 /* AppDelegate.m in Sources */,
				01E46F491B1EA9E900F85B79 /* main.m in Sources */,
			);
			runOnlyForDeploymentPostprocessing = 0;
		};
		01E46F581B1EA9EA00F85B79 /* Sources */ = {
			isa = PBXSourcesBuildPhase;
			buildActionMask = 2147483647;
			files = (
				01E46F631B1EA9EA00F85B79 /* GCD_PhotoLoadingTests.m in Sources */,
			);
			runOnlyForDeploymentPostprocessing = 0;
		};
/* End PBXSourcesBuildPhase section */

/* Begin PBXTargetDependency section */
		01E46F5E1B1EA9EA00F85B79 /* PBXTargetDependency */ = {
			isa = PBXTargetDependency;
			target = 01E46F421B1EA9E900F85B79 /* GCD_PhotoLoading */;
			targetProxy = 01E46F5D1B1EA9EA00F85B79 /* PBXContainerItemProxy */;
		};
/* End PBXTargetDependency section */

/* Begin PBXVariantGroup section */
		01E46F501B1EA9E900F85B79 /* Main.storyboard */ = {
			isa = PBXVariantGroup;
			children = (
				01E46F511B1EA9E900F85B79 /* Base */,
			);
			name = Main.storyboard;
			sourceTree = "<group>";
		};
		01E46F551B1EA9E900F85B79 /* LaunchScreen.xib */ = {
			isa = PBXVariantGroup;
			children = (
				01E46F561B1EA9E900F85B79 /* Base */,
			);
			name = LaunchScreen.xib;
			sourceTree = "<group>";
		};
/* End PBXVariantGroup section */

/* Begin XCBuildConfiguration section */
		01E46F641B1EA9EA00F85B79 /* Debug */ = {
			isa = XCBuildConfiguration;
			buildSettings = {
				ALWAYS_SEARCH_USER_PATHS = NO;
				CLANG_CXX_LANGUAGE_STANDARD = "gnu++0x";
				CLANG_CXX_LIBRARY = "libc++";
				CLANG_ENABLE_MODULES = YES;
				CLANG_ENABLE_OBJC_ARC = YES;
				CLANG_WARN_BOOL_CONVERSION = YES;
				CLANG_WARN_CONSTANT_CONVERSION = YES;
				CLANG_WARN_DIRECT_OBJC_ISA_USAGE = YES_ERROR;
				CLANG_WARN_EMPTY_BODY = YES;
				CLANG_WARN_ENUM_CONVERSION = YES;
				CLANG_WARN_INT_CONVERSION = YES;
				CLANG_WARN_OBJC_ROOT_CLASS = YES_ERROR;
				CLANG_WARN_UNREACHABLE_CODE = YES;
				CLANG_WARN__DUPLICATE_METHOD_MATCH = YES;
				"CODE_SIGN_IDENTITY[sdk=iphoneos*]" = "iPhone Developer";
				COPY_PHASE_STRIP = NO;
				DEBUG_INFORMATION_FORMAT = "dwarf-with-dsym";
				ENABLE_STRICT_OBJC_MSGSEND = YES;
				GCC_C_LANGUAGE_STANDARD = gnu99;
				GCC_DYNAMIC_NO_PIC = NO;
				GCC_NO_COMMON_BLOCKS = YES;
				GCC_OPTIMIZATION_LEVEL = 0;
				GCC_PREPROCESSOR_DEFINITIONS = (
					"DEBUG=1",
					"$(inherited)",
				);
				GCC_SYMBOLS_PRIVATE_EXTERN = NO;
				GCC_WARN_64_TO_32_BIT_CONVERSION = YES;
				GCC_WARN_ABOUT_RETURN_TYPE = YES_ERROR;
				GCC_WARN_UNDECLARED_SELECTOR = YES;
				GCC_WARN_UNINITIALIZED_AUTOS = YES_AGGRESSIVE;
				GCC_WARN_UNUSED_FUNCTION = YES;
				GCC_WARN_UNUSED_VARIABLE = YES;
				IPHONEOS_DEPLOYMENT_TARGET = 8.3;
				MTL_ENABLE_DEBUG_INFO = YES;
				ONLY_ACTIVE_ARCH = YES;
				SDKROOT = iphoneos;
			};
			name = Debug;
		};
		01E46F651B1EA9EA00F85B79 /* Release */ = {
			isa = XCBuildConfiguration;
			buildSettings = {
				ALWAYS_SEARCH_USER_PATHS = NO;
				CLANG_CXX_LANGUAGE_STANDARD = "gnu++0x";
				CLANG_CXX_LIBRARY = "libc++";
				CLANG_ENABLE_MODULES = YES;
				CLANG_ENABLE_OBJC_ARC = YES;
				CLANG_WARN_BOOL_CONVERSION = YES;
				CLANG_WARN_CONSTANT_CONVERSION = YES;
				CLANG_WARN_DIRECT_OBJC_ISA_USAGE = YES_ERROR;
				CLANG_WARN_EMPTY_BODY = YES;
				CLANG_WARN_ENUM_CONVERSION = YES;
				CLANG_WARN_INT_CONVERSION = YES;
				CLANG_WARN_OBJC_ROOT_CLASS = YES_ERROR;
				CLANG_WARN_UNREACHABLE_CODE = YES;
				CLANG_WARN__DUPLICATE_METHOD_MATCH = YES;
				"CODE_SIGN_IDENTITY[sdk=iphoneos*]" = "iPhone Developer";
				COPY_PHASE_STRIP = NO;
				DEBUG_INFORMATION_FORMAT = "dwarf-with-dsym";
				ENABLE_NS_ASSERTIONS = NO;
				ENABLE_STRICT_OBJC_MSGSEND = YES;
				GCC_C_LANGUAGE_STANDARD = gnu99;
				GCC_NO_COMMON_BLOCKS = YES;
				GCC_WARN_64_TO_32_BIT_CONVERSION = YES;
				GCC_WARN_ABOUT_RETURN_TYPE = YES_ERROR;
				GCC_WARN_UNDECLARED_SELECTOR = YES;
				GCC_WARN_UNINITIALIZED_AUTOS = YES_AGGRESSIVE;
				GCC_WARN_UNUSED_FUNCTION = YES;
				GCC_WARN_UNUSED_VARIABLE = YES;
				IPHONEOS_DEPLOYMENT_TARGET = 8.3;
				MTL_ENABLE_DEBUG_INFO = NO;
				SDKROOT = iphoneos;
				VALIDATE_PRODUCT = YES;
			};
			name = Release;
		};
		01E46F671B1EA9EA00F85B79 /* Debug */ = {
			isa = XCBuildConfiguration;
			buildSettings = {
				ASSETCATALOG_COMPILER_APPICON_NAME = AppIcon;
				INFOPLIST_FILE = GCD_PhotoLoading/Info.plist;
				LD_RUNPATH_SEARCH_PATHS = "$(inherited) @executable_path/Frameworks";
				PRODUCT_NAME = "$(TARGET_NAME)";
			};
			name = Debug;
		};
		01E46F681B1EA9EA00F85B79 /* Release */ = {
			isa = XCBuildConfiguration;
			buildSettings = {
				ASSETCATALOG_COMPILER_APPICON_NAME = AppIcon;
				INFOPLIST_FILE = GCD_PhotoLoading/Info.plist;
				LD_RUNPATH_SEARCH_PATHS = "$(inherited) @executable_path/Frameworks";
				PRODUCT_NAME = "$(TARGET_NAME)";
			};
			name = Release;
		};
		01E46F6A1B1EA9EA00F85B79 /* Debug */ = {
			isa = XCBuildConfiguration;
			buildSettings = {
				BUNDLE_LOADER = "$(TEST_HOST)";
				FRAMEWORK_SEARCH_PATHS = (
					"$(SDKROOT)/Developer/Library/Frameworks",
					"$(inherited)",
				);
				GCC_PREPROCESSOR_DEFINITIONS = (
					"DEBUG=1",
					"$(inherited)",
				);
				INFOPLIST_FILE = GCD_PhotoLoadingTests/Info.plist;
				LD_RUNPATH_SEARCH_PATHS = "$(inherited) @executable_path/Frameworks @loader_path/Frameworks";
				PRODUCT_NAME = "$(TARGET_NAME)";
				TEST_HOST = "$(BUILT_PRODUCTS_DIR)/GCD_PhotoLoading.app/GCD_PhotoLoading";
			};
			name = Debug;
		};
		01E46F6B1B1EA9EA00F85B79 /* Release */ = {
			isa = XCBuildConfiguration;
			buildSettings = {
				BUNDLE_LOADER = "$(TEST_HOST)";
				FRAMEWORK_SEARCH_PATHS = (
					"$(SDKROOT)/Developer/Library/Frameworks",
					"$(inherited)",
				);
				INFOPLIST_FILE = GCD_PhotoLoadingTests/Info.plist;
				LD_RUNPATH_SEARCH_PATHS = "$(inherited) @executable_path/Frameworks @loader_path/Frameworks";
				PRODUCT_NAME = "$(TARGET_NAME)";
				TEST_HOST = "$(BUILT_PRODUCTS_DIR)/GCD_PhotoLoading.app/GCD_PhotoLoading";
			};
			name = Release;
		};
/* End XCBuildConfiguration section */

/* Begin XCConfigurationList section */
		01E46F3E1B1EA9E900F85B79 /* Build configuration list for PBXProject "GCD_PhotoLoading" */ = {
			isa = XCConfigurationList;
			buildConfigurations = (
				01E46F641B1EA9EA00F85B79 /* Debug */,
				01E46F651B1EA9EA00F85B79 /* Release */,
			);
			defaultConfigurationIsVisible = 0;
			defaultConfigurationName = Release;
		};
		01E46F661B1EA9EA00F85B79 /* Build configuration list for PBXNativeTarget "GCD_PhotoLoading" */ = {
			isa = XCConfigurationList;
			buildConfigurations = (
				01E46F671B1EA9EA00F85B79 /* Debug */,
				01E46F681B1EA9EA00F85B79 /* Release */,
			);
			defaultConfigurationIsVisible = 0;
		};
		01E46F691B1EA9EA00F85B79 /* Build configuration list for PBXNativeTarget "GCD_PhotoLoadingTests" */ = {
			isa = XCConfigurationList;
			buildConfigurations = (
				01E46F6A1B1EA9EA00F85B79 /* Debug */,
				01E46F6B1B1EA9EA00F85B79 /* Release */,
			);
			defaultConfigurationIsVisible = 0;
		};
/* End XCConfigurationList section */
	};
	rootObject = 01E46F3B1B1EA9E900F85B79 /* Project object */;
}
